// !$*UTF8*$!
{
	archiveVersion = 1;
	classes = {
	};
	objectVersion = 52;
	objects = {

/* Begin PBXBuildFile section */
		64A0FEAE64C7BC7E999FE812 /* Pods_AuthSampleApp.framework in Frameworks */ = {isa = PBXBuildFile; fileRef = CA1166872461082100011025 /* Pods_AuthSampleApp.framework */; };
		6E050AB6239A86B70006E67A /* LoggedInUserData.swift in Sources */ = {isa = PBXBuildFile; fileRef = 6E050AB5239A86B70006E67A /* LoggedInUserData.swift */; };
		6E050AB8239A89C50006E67A /* OtpVerificationViewController.swift in Sources */ = {isa = PBXBuildFile; fileRef = 6E050AB7239A89C50006E67A /* OtpVerificationViewController.swift */; };
		6E0701DE2386BC5D008D79E9 /* AppDelegate.swift in Sources */ = {isa = PBXBuildFile; fileRef = 6E0701DD2386BC5D008D79E9 /* AppDelegate.swift */; };
		6E0701E02386BC5D008D79E9 /* ViewController.swift in Sources */ = {isa = PBXBuildFile; fileRef = 6E0701DF2386BC5D008D79E9 /* ViewController.swift */; };
		6E0701E32386BC5D008D79E9 /* Main.storyboard in Resources */ = {isa = PBXBuildFile; fileRef = 6E0701E12386BC5D008D79E9 /* Main.storyboard */; };
		6E0701E82386BC63008D79E9 /* LaunchScreen.storyboard in Resources */ = {isa = PBXBuildFile; fileRef = 6E0701E62386BC63008D79E9 /* LaunchScreen.storyboard */; };
		6E0701F82386BC78008D79E9 /* AuthModule.h in Headers */ = {isa = PBXBuildFile; fileRef = 6E0701F62386BC78008D79E9 /* AuthModule.h */; settings = {ATTRIBUTES = (Public, ); }; };
		6E0701FB2386BC78008D79E9 /* AuthModule.framework in Frameworks */ = {isa = PBXBuildFile; fileRef = 6E0701F42386BC78008D79E9 /* AuthModule.framework */; };
		6E0701FC2386BC78008D79E9 /* AuthModule.framework in Embed Frameworks */ = {isa = PBXBuildFile; fileRef = 6E0701F42386BC78008D79E9 /* AuthModule.framework */; settings = {ATTRIBUTES = (CodeSignOnCopy, RemoveHeadersOnCopy, ); }; };
		6E0702022386BC95008D79E9 /* LoginWelcomeViewController.swift in Sources */ = {isa = PBXBuildFile; fileRef = 6E0702012386BC95008D79E9 /* LoginWelcomeViewController.swift */; };
		6E0702042386BCCE008D79E9 /* AuthRouter.swift in Sources */ = {isa = PBXBuildFile; fileRef = 6E0702032386BCCE008D79E9 /* AuthRouter.swift */; };
		6E0702072386BD82008D79E9 /* View_Extensions.swift in Sources */ = {isa = PBXBuildFile; fileRef = 6E0702062386BD82008D79E9 /* View_Extensions.swift */; };
		6E07020A2386BDA7008D79E9 /* Auth.storyboard in Resources */ = {isa = PBXBuildFile; fileRef = 6E0702092386BDA7008D79E9 /* Auth.storyboard */; };
		6E07020C2386BF84008D79E9 /* LoginWelcomePresenter.swift in Sources */ = {isa = PBXBuildFile; fileRef = 6E07020B2386BF84008D79E9 /* LoginWelcomePresenter.swift */; };
		6E07020E2386BF97008D79E9 /* LoginWelcomeInteractor.swift in Sources */ = {isa = PBXBuildFile; fileRef = 6E07020D2386BF97008D79E9 /* LoginWelcomeInteractor.swift */; };
		6E0702102386C194008D79E9 /* WhatsAppManager.swift in Sources */ = {isa = PBXBuildFile; fileRef = 6E07020F2386C194008D79E9 /* WhatsAppManager.swift */; };
		6E0702122386C757008D79E9 /* CommonUIExtensions.swift in Sources */ = {isa = PBXBuildFile; fileRef = 6E0702112386C756008D79E9 /* CommonUIExtensions.swift */; };
		6E070215238D096A008D79E9 /* SFUIText-Regular.ttf in Resources */ = {isa = PBXBuildFile; fileRef = 6E070214238D096A008D79E9 /* SFUIText-Regular.ttf */; };
		6E070217238D3FA2008D79E9 /* LoginWelcomeHeaderCell.swift in Sources */ = {isa = PBXBuildFile; fileRef = 6E070216238D3FA2008D79E9 /* LoginWelcomeHeaderCell.swift */; };
		6E07021D238D4991008D79E9 /* FireBaseConfigKeys.swift in Sources */ = {isa = PBXBuildFile; fileRef = 6E07021A238D48DA008D79E9 /* FireBaseConfigKeys.swift */; };
		6E07021E238D4AF6008D79E9 /* FirebaseHandlerProtocol.swift in Sources */ = {isa = PBXBuildFile; fileRef = 6E070218238D48AC008D79E9 /* FirebaseHandlerProtocol.swift */; };
		6E070221238D68CD008D79E9 /* LoginOrTableCell.swift in Sources */ = {isa = PBXBuildFile; fileRef = 6E07021F238D6861008D79E9 /* LoginOrTableCell.swift */; };
		6E070224238D6CDA008D79E9 /* LoginNewUserDetailsCell.swift in Sources */ = {isa = PBXBuildFile; fileRef = 6E070222238D6B92008D79E9 /* LoginNewUserDetailsCell.swift */; };
		6E070227238E39EC008D79E9 /* LoginFBSingupTableCell.swift in Sources */ = {isa = PBXBuildFile; fileRef = 6E070225238E3968008D79E9 /* LoginFBSingupTableCell.swift */; };
		6E070229238E5786008D79E9 /* LoginSkipNowTableCell.swift in Sources */ = {isa = PBXBuildFile; fileRef = 6E070228238E5786008D79E9 /* LoginSkipNowTableCell.swift */; };
		6E07022E238E71C5008D79E9 /* AuthUtils.swift in Sources */ = {isa = PBXBuildFile; fileRef = 6E07022A238E5C16008D79E9 /* AuthUtils.swift */; };
		6E391B5823A0CDB1006AEC46 /* BaseInteractor.swift in Sources */ = {isa = PBXBuildFile; fileRef = 6E391B5723A0CDB1006AEC46 /* BaseInteractor.swift */; };
		6E391B5A23A0CF72006AEC46 /* MconnectDataParser.swift in Sources */ = {isa = PBXBuildFile; fileRef = 6E391B5923A0CF72006AEC46 /* MconnectDataParser.swift */; };
		6E391B5C23A12A14006AEC46 /* SignupViewController.swift in Sources */ = {isa = PBXBuildFile; fileRef = 6E391B5B23A12A14006AEC46 /* SignupViewController.swift */; };
		6E391B5E23A12B1E006AEC46 /* SignUpPresenter.swift in Sources */ = {isa = PBXBuildFile; fileRef = 6E391B5D23A12B1E006AEC46 /* SignUpPresenter.swift */; };
		6E391B6023A12B34006AEC46 /* SignupInteractor.swift in Sources */ = {isa = PBXBuildFile; fileRef = 6E391B5F23A12B34006AEC46 /* SignupInteractor.swift */; };
		6E39436323A376FA00AA0A79 /* OTPVerificationInteractor.swift in Sources */ = {isa = PBXBuildFile; fileRef = 6E39436223A376FA00AA0A79 /* OTPVerificationInteractor.swift */; };
		6E39436523A385DF00AA0A79 /* SignUpHeaderTableCell.swift in Sources */ = {isa = PBXBuildFile; fileRef = 6E39436423A385DF00AA0A79 /* SignUpHeaderTableCell.swift */; };
		6E4011EB23A3CEF5002C6BFD /* LoginWelcomeProtocols.swift in Sources */ = {isa = PBXBuildFile; fileRef = 6E4011EA23A3CEF5002C6BFD /* LoginWelcomeProtocols.swift */; };
		6E44B13D23ABEB6A0068EC9A /* UserData.xcdatamodeld in Sources */ = {isa = PBXBuildFile; fileRef = 6E44B13B23ABEB690068EC9A /* UserData.xcdatamodeld */; };
		6E44B13F23ABEDBC0068EC9A /* DatabaseHelper.swift in Sources */ = {isa = PBXBuildFile; fileRef = 6E44B13E23ABEDBC0068EC9A /* DatabaseHelper.swift */; };
		6E4BD076239E5CFC0022D514 /* OTPVerificationPresenter.swift in Sources */ = {isa = PBXBuildFile; fileRef = 6E4BD075239E5CFC0022D514 /* OTPVerificationPresenter.swift */; };
		6E4BD07E239F9C5F0022D514 /* AuthCache.swift in Sources */ = {isa = PBXBuildFile; fileRef = 6E4BD07D239F9C5F0022D514 /* AuthCache.swift */; };
		6E4D5B4923B0955100491102 /* SignInWithPasswordProtocols.swift in Sources */ = {isa = PBXBuildFile; fileRef = 6E4D5B4823B0955100491102 /* SignInWithPasswordProtocols.swift */; };
		6E4D5B4B23B0E89E00491102 /* AuthDataProvider.swift in Sources */ = {isa = PBXBuildFile; fileRef = 6E4D5B4A23B0E89E00491102 /* AuthDataProvider.swift */; };
		6E4D5B5123B0F14000491102 /* CryptoSwift.framework in Frameworks */ = {isa = PBXBuildFile; fileRef = 6E4D5B4C23B0F14000491102 /* CryptoSwift.framework */; platformFilter = ios; };
		6E4D5B5723B0F14100491102 /* FBSDKCoreKit.framework in Frameworks */ = {isa = PBXBuildFile; fileRef = 6E4D5B4F23B0F14000491102 /* FBSDKCoreKit.framework */; platformFilter = ios; };
		6E4D5B5923B0F14100491102 /* FBSDKLoginKit.framework in Frameworks */ = {isa = PBXBuildFile; fileRef = 6E4D5B5023B0F14000491102 /* FBSDKLoginKit.framework */; platformFilter = ios; };
		6E4D5B5D23B0FAFE00491102 /* GoFacebookManager.swift in Sources */ = {isa = PBXBuildFile; fileRef = 6E4D5B5C23B0FAFE00491102 /* GoFacebookManager.swift */; };
		6E554C04239145C900E043A2 /* AuthAlert.swift in Sources */ = {isa = PBXBuildFile; fileRef = 6E554C03239145C900E043A2 /* AuthAlert.swift */; };
		6E71C281239550DF00A81BAF /* AppConstants.swift in Sources */ = {isa = PBXBuildFile; fileRef = 6E71C280239550DF00A81BAF /* AppConstants.swift */; };
		6E872FAA23A9167500910302 /* ForgotPasswordViewController.swift in Sources */ = {isa = PBXBuildFile; fileRef = 6E872FA923A9167500910302 /* ForgotPasswordViewController.swift */; };
		6E872FAC23A91BBA00910302 /* ForgotPasswordPresenter.swift in Sources */ = {isa = PBXBuildFile; fileRef = 6E872FAB23A91BBA00910302 /* ForgotPasswordPresenter.swift */; };
		6E872FAE23A91BCE00910302 /* ForgotPasswordInteractor.swift in Sources */ = {isa = PBXBuildFile; fileRef = 6E872FAD23A91BCE00910302 /* ForgotPasswordInteractor.swift */; };
		6E872FB023AB648A00910302 /* ForgotPasswordProtocols.swift in Sources */ = {isa = PBXBuildFile; fileRef = 6E872FAF23AB648A00910302 /* ForgotPasswordProtocols.swift */; };
		6E872FB223AB64A000910302 /* BaseProtocols.swift in Sources */ = {isa = PBXBuildFile; fileRef = 6E872FB123AB64A000910302 /* BaseProtocols.swift */; };
		6E872FB523AB748800910302 /* MConnectPoweredByView.swift in Sources */ = {isa = PBXBuildFile; fileRef = 6E872FB323AB748800910302 /* MConnectPoweredByView.swift */; };
		6E872FB623AB748800910302 /* MConnectPoweredByView.xib in Resources */ = {isa = PBXBuildFile; fileRef = 6E872FB423AB748800910302 /* MConnectPoweredByView.xib */; };
		6E872FB823AB7AEC00910302 /* KeyChainLoginViewController.swift in Sources */ = {isa = PBXBuildFile; fileRef = 6E872FB723AB7AEC00910302 /* KeyChainLoginViewController.swift */; };
		6E872FBA23AB7B2200910302 /* KeyChainLoginPresenter.swift in Sources */ = {isa = PBXBuildFile; fileRef = 6E872FB923AB7B2100910302 /* KeyChainLoginPresenter.swift */; };
		6E872FBC23AB95DC00910302 /* KeychainLoginUserCell.swift in Sources */ = {isa = PBXBuildFile; fileRef = 6E872FBB23AB95DC00910302 /* KeychainLoginUserCell.swift */; };
		6E87D61E239686D800A483EB /* LoginWelcomeCollectionCell.swift in Sources */ = {isa = PBXBuildFile; fileRef = 6E87D61D239686D800A483EB /* LoginWelcomeCollectionCell.swift */; };
		6EA4D22E2399010B004DFAEA /* LoginGAPManager.swift in Sources */ = {isa = PBXBuildFile; fileRef = 6EA4D22D2399010B004DFAEA /* LoginGAPManager.swift */; };
		6EA4D23023993F40004DFAEA /* SignInWithPasswordPresenter.swift in Sources */ = {isa = PBXBuildFile; fileRef = 6EA4D22F23993F40004DFAEA /* SignInWithPasswordPresenter.swift */; };
		6EA4D232239940D3004DFAEA /* SignInWithPasswordViewController.swift in Sources */ = {isa = PBXBuildFile; fileRef = 6EA4D231239940D3004DFAEA /* SignInWithPasswordViewController.swift */; };
		6EA4D2342399413C004DFAEA /* SignInWithPasswordInteractor.swift in Sources */ = {isa = PBXBuildFile; fileRef = 6EA4D2332399413C004DFAEA /* SignInWithPasswordInteractor.swift */; };
		6EA4D23723994658004DFAEA /* Assets.xcassets in Resources */ = {isa = PBXBuildFile; fileRef = 6E0701E42386BC63008D79E9 /* Assets.xcassets */; };
		6EA780232394F29500FA409D /* AuthInteractor.swift in Sources */ = {isa = PBXBuildFile; fileRef = 6EA780222394F29500FA409D /* AuthInteractor.swift */; };
		6EA780252394F4DB00FA409D /* AuthBaseService.swift in Sources */ = {isa = PBXBuildFile; fileRef = 6EA780242394F4DB00FA409D /* AuthBaseService.swift */; };
		6EA780272394F53600FA409D /* LoginModels.swift in Sources */ = {isa = PBXBuildFile; fileRef = 6EA780262394F53600FA409D /* LoginModels.swift */; };
		6EA780292394F56D00FA409D /* LoginParsers.swift in Sources */ = {isa = PBXBuildFile; fileRef = 6EA780282394F56D00FA409D /* LoginParsers.swift */; };
		6EA7802B2394F93300FA409D /* LoginConstants.swift in Sources */ = {isa = PBXBuildFile; fileRef = 6EA7802A2394F93300FA409D /* LoginConstants.swift */; };
		6EA7802E2394FD4C00FA409D /* NetworkConstants.swift in Sources */ = {isa = PBXBuildFile; fileRef = 6EA7802D2394FD4C00FA409D /* NetworkConstants.swift */; };
		6EA780302394FE1E00FA409D /* LoginWrapper.swift in Sources */ = {isa = PBXBuildFile; fileRef = 6EA7802F2394FE1E00FA409D /* LoginWrapper.swift */; };
		6EA780322395051000FA409D /* KeychainWrapper.swift in Sources */ = {isa = PBXBuildFile; fileRef = 6EA780312395051000FA409D /* KeychainWrapper.swift */; };
		6EA780362395054C00FA409D /* KeychainItemAccessibility.swift in Sources */ = {isa = PBXBuildFile; fileRef = 6EA780352395054C00FA409D /* KeychainItemAccessibility.swift */; };
		6EA780382395057400FA409D /* KeychainLoginHandler.swift in Sources */ = {isa = PBXBuildFile; fileRef = 6EA780372395057400FA409D /* KeychainLoginHandler.swift */; };
		6EA7803A23950D1400FA409D /* LoginBaseViewController.swift in Sources */ = {isa = PBXBuildFile; fileRef = 6EA7803923950D1400FA409D /* LoginBaseViewController.swift */; };
		6EA7803F23951A2500FA409D /* CommonUtils.h in Headers */ = {isa = PBXBuildFile; fileRef = 6EA7803D23951A2500FA409D /* CommonUtils.h */; settings = {ATTRIBUTES = (Public, ); }; };
		6EA7804023951A2500FA409D /* CommonUtils.m in Sources */ = {isa = PBXBuildFile; fileRef = 6EA7803E23951A2500FA409D /* CommonUtils.m */; };
		6EAA395D239A38CB00872FD2 /* SignInHeaderTableViewCell.swift in Sources */ = {isa = PBXBuildFile; fileRef = 6EAA395C239A38CB00872FD2 /* SignInHeaderTableViewCell.swift */; };
		6EAA395F239A526000872FD2 /* LoginPasswordTableViewCell.swift in Sources */ = {isa = PBXBuildFile; fileRef = 6EAA395E239A526000872FD2 /* LoginPasswordTableViewCell.swift */; };
		6EAA3961239A5BD200872FD2 /* LoginContinueTableViewCell.swift in Sources */ = {isa = PBXBuildFile; fileRef = 6EAA3960239A5BD200872FD2 /* LoginContinueTableViewCell.swift */; };
		6EAA3963239A6B2700872FD2 /* LoginOTPVerifyParser.swift in Sources */ = {isa = PBXBuildFile; fileRef = 6EAA3962239A6B2700872FD2 /* LoginOTPVerifyParser.swift */; };
		6EEA6AFA239105560030F442 /* NetworkLayerFramework.framework in Frameworks */ = {isa = PBXBuildFile; fileRef = 6EEA6AF9239105560030F442 /* NetworkLayerFramework.framework */; platformFilter = ios; };
		6EEA6B4323912D0B0030F442 /* AuthDepedencyInjector.swift in Sources */ = {isa = PBXBuildFile; fileRef = 6EEA6B4223912D0B0030F442 /* AuthDepedencyInjector.swift */; };
		6EEA6B452391329B0030F442 /* UserDataManager.swift in Sources */ = {isa = PBXBuildFile; fileRef = 6EEA6B442391329B0030F442 /* UserDataManager.swift */; };
		F51E989187E6764E970CAEDC /* Pods_AuthModule.framework in Frameworks */ = {isa = PBXBuildFile; fileRef = A572CD12B5FB82CFC0D03AB6 /* Pods_AuthModule.framework */; };
/* End PBXBuildFile section */

/* Begin PBXContainerItemProxy section */
		6E0701F92386BC78008D79E9 /* PBXContainerItemProxy */ = {
			isa = PBXContainerItemProxy;
			containerPortal = 6E0701D22386BC5C008D79E9 /* Project object */;
			proxyType = 1;
			remoteGlobalIDString = 6E0701F32386BC78008D79E9;
			remoteInfo = AuthModule;
		};
/* End PBXContainerItemProxy section */

/* Begin PBXCopyFilesBuildPhase section */
		6E0702002386BC78008D79E9 /* Embed Frameworks */ = {
			isa = PBXCopyFilesBuildPhase;
			buildActionMask = 2147483647;
			dstPath = "";
			dstSubfolderSpec = 10;
			files = (
				6E0701FC2386BC78008D79E9 /* AuthModule.framework in Embed Frameworks */,
			);
			name = "Embed Frameworks";
			runOnlyForDeploymentPostprocessing = 0;
		};
/* End PBXCopyFilesBuildPhase section */

/* Begin PBXFileReference section */
		2E9C1403B28F3354740A8251 /* Pods-AuthSampleApp.release.xcconfig */ = {isa = PBXFileReference; includeInIndex = 1; lastKnownFileType = text.xcconfig; name = "Pods-AuthSampleApp.release.xcconfig"; path = "Target Support Files/Pods-AuthSampleApp/Pods-AuthSampleApp.release.xcconfig"; sourceTree = "<group>"; };
		63B1DFC2ADFF8457ABE3278A /* Pods-AuthModule.release.xcconfig */ = {isa = PBXFileReference; includeInIndex = 1; lastKnownFileType = text.xcconfig; name = "Pods-AuthModule.release.xcconfig"; path = "Target Support Files/Pods-AuthModule/Pods-AuthModule.release.xcconfig"; sourceTree = "<group>"; };
		6E050AB5239A86B70006E67A /* LoggedInUserData.swift */ = {isa = PBXFileReference; lastKnownFileType = sourcecode.swift; path = LoggedInUserData.swift; sourceTree = "<group>"; };
		6E050AB7239A89C50006E67A /* OtpVerificationViewController.swift */ = {isa = PBXFileReference; lastKnownFileType = sourcecode.swift; path = OtpVerificationViewController.swift; sourceTree = "<group>"; };
		6E0701DA2386BC5D008D79E9 /* AuthSampleApp.app */ = {isa = PBXFileReference; explicitFileType = wrapper.application; includeInIndex = 0; path = AuthSampleApp.app; sourceTree = BUILT_PRODUCTS_DIR; };
		6E0701DD2386BC5D008D79E9 /* AppDelegate.swift */ = {isa = PBXFileReference; lastKnownFileType = sourcecode.swift; path = AppDelegate.swift; sourceTree = "<group>"; };
		6E0701DF2386BC5D008D79E9 /* ViewController.swift */ = {isa = PBXFileReference; lastKnownFileType = sourcecode.swift; path = ViewController.swift; sourceTree = "<group>"; };
		6E0701E22386BC5D008D79E9 /* Base */ = {isa = PBXFileReference; lastKnownFileType = file.storyboard; name = Base; path = Base.lproj/Main.storyboard; sourceTree = "<group>"; };
		6E0701E42386BC63008D79E9 /* Assets.xcassets */ = {isa = PBXFileReference; lastKnownFileType = folder.assetcatalog; path = Assets.xcassets; sourceTree = "<group>"; };
		6E0701E72386BC63008D79E9 /* Base */ = {isa = PBXFileReference; lastKnownFileType = file.storyboard; name = Base; path = Base.lproj/LaunchScreen.storyboard; sourceTree = "<group>"; };
		6E0701E92386BC63008D79E9 /* Info.plist */ = {isa = PBXFileReference; lastKnownFileType = text.plist.xml; path = Info.plist; sourceTree = "<group>"; };
		6E0701F42386BC78008D79E9 /* AuthModule.framework */ = {isa = PBXFileReference; explicitFileType = wrapper.framework; includeInIndex = 0; path = AuthModule.framework; sourceTree = BUILT_PRODUCTS_DIR; };
		6E0701F62386BC78008D79E9 /* AuthModule.h */ = {isa = PBXFileReference; lastKnownFileType = sourcecode.c.h; path = AuthModule.h; sourceTree = "<group>"; };
		6E0701F72386BC78008D79E9 /* Info.plist */ = {isa = PBXFileReference; lastKnownFileType = text.plist.xml; path = Info.plist; sourceTree = "<group>"; };
		6E0702012386BC95008D79E9 /* LoginWelcomeViewController.swift */ = {isa = PBXFileReference; lastKnownFileType = sourcecode.swift; path = LoginWelcomeViewController.swift; sourceTree = "<group>"; };
		6E0702032386BCCE008D79E9 /* AuthRouter.swift */ = {isa = PBXFileReference; lastKnownFileType = sourcecode.swift; path = AuthRouter.swift; sourceTree = "<group>"; };
		6E0702062386BD82008D79E9 /* View_Extensions.swift */ = {isa = PBXFileReference; fileEncoding = 4; lastKnownFileType = sourcecode.swift; path = View_Extensions.swift; sourceTree = "<group>"; };
		6E0702092386BDA7008D79E9 /* Auth.storyboard */ = {isa = PBXFileReference; lastKnownFileType = file.storyboard; path = Auth.storyboard; sourceTree = "<group>"; };
		6E07020B2386BF84008D79E9 /* LoginWelcomePresenter.swift */ = {isa = PBXFileReference; lastKnownFileType = sourcecode.swift; path = LoginWelcomePresenter.swift; sourceTree = "<group>"; };
		6E07020D2386BF97008D79E9 /* LoginWelcomeInteractor.swift */ = {isa = PBXFileReference; lastKnownFileType = sourcecode.swift; path = LoginWelcomeInteractor.swift; sourceTree = "<group>"; };
		6E07020F2386C194008D79E9 /* WhatsAppManager.swift */ = {isa = PBXFileReference; lastKnownFileType = sourcecode.swift; path = WhatsAppManager.swift; sourceTree = "<group>"; };
		6E0702112386C756008D79E9 /* CommonUIExtensions.swift */ = {isa = PBXFileReference; lastKnownFileType = sourcecode.swift; path = CommonUIExtensions.swift; sourceTree = "<group>"; };
		6E070214238D096A008D79E9 /* SFUIText-Regular.ttf */ = {isa = PBXFileReference; lastKnownFileType = file; path = "SFUIText-Regular.ttf"; sourceTree = "<group>"; };
		6E070216238D3FA2008D79E9 /* LoginWelcomeHeaderCell.swift */ = {isa = PBXFileReference; lastKnownFileType = sourcecode.swift; path = LoginWelcomeHeaderCell.swift; sourceTree = "<group>"; };
		6E070218238D48AC008D79E9 /* FirebaseHandlerProtocol.swift */ = {isa = PBXFileReference; lastKnownFileType = sourcecode.swift; path = FirebaseHandlerProtocol.swift; sourceTree = "<group>"; };
		6E07021A238D48DA008D79E9 /* FireBaseConfigKeys.swift */ = {isa = PBXFileReference; fileEncoding = 4; lastKnownFileType = sourcecode.swift; path = FireBaseConfigKeys.swift; sourceTree = "<group>"; };
		6E07021F238D6861008D79E9 /* LoginOrTableCell.swift */ = {isa = PBXFileReference; lastKnownFileType = sourcecode.swift; path = LoginOrTableCell.swift; sourceTree = "<group>"; };
		6E070222238D6B92008D79E9 /* LoginNewUserDetailsCell.swift */ = {isa = PBXFileReference; lastKnownFileType = sourcecode.swift; path = LoginNewUserDetailsCell.swift; sourceTree = "<group>"; };
		6E070225238E3968008D79E9 /* LoginFBSingupTableCell.swift */ = {isa = PBXFileReference; lastKnownFileType = sourcecode.swift; path = LoginFBSingupTableCell.swift; sourceTree = "<group>"; };
		6E070228238E5786008D79E9 /* LoginSkipNowTableCell.swift */ = {isa = PBXFileReference; lastKnownFileType = sourcecode.swift; path = LoginSkipNowTableCell.swift; sourceTree = "<group>"; };
		6E07022A238E5C16008D79E9 /* AuthUtils.swift */ = {isa = PBXFileReference; lastKnownFileType = sourcecode.swift; path = AuthUtils.swift; sourceTree = "<group>"; };
		6E391B5723A0CDB1006AEC46 /* BaseInteractor.swift */ = {isa = PBXFileReference; lastKnownFileType = sourcecode.swift; path = BaseInteractor.swift; sourceTree = "<group>"; };
		6E391B5923A0CF72006AEC46 /* MconnectDataParser.swift */ = {isa = PBXFileReference; lastKnownFileType = sourcecode.swift; path = MconnectDataParser.swift; sourceTree = "<group>"; };
		6E391B5B23A12A14006AEC46 /* SignupViewController.swift */ = {isa = PBXFileReference; lastKnownFileType = sourcecode.swift; path = SignupViewController.swift; sourceTree = "<group>"; };
		6E391B5D23A12B1E006AEC46 /* SignUpPresenter.swift */ = {isa = PBXFileReference; lastKnownFileType = sourcecode.swift; path = SignUpPresenter.swift; sourceTree = "<group>"; };
		6E391B5F23A12B34006AEC46 /* SignupInteractor.swift */ = {isa = PBXFileReference; lastKnownFileType = sourcecode.swift; path = SignupInteractor.swift; sourceTree = "<group>"; };
		6E39436223A376FA00AA0A79 /* OTPVerificationInteractor.swift */ = {isa = PBXFileReference; lastKnownFileType = sourcecode.swift; path = OTPVerificationInteractor.swift; sourceTree = "<group>"; };
		6E39436423A385DF00AA0A79 /* SignUpHeaderTableCell.swift */ = {isa = PBXFileReference; lastKnownFileType = sourcecode.swift; path = SignUpHeaderTableCell.swift; sourceTree = "<group>"; };
		6E4011EA23A3CEF5002C6BFD /* LoginWelcomeProtocols.swift */ = {isa = PBXFileReference; lastKnownFileType = sourcecode.swift; path = LoginWelcomeProtocols.swift; sourceTree = "<group>"; };
		6E44B13C23ABEB690068EC9A /* User.xcdatamodel */ = {isa = PBXFileReference; lastKnownFileType = wrapper.xcdatamodel; path = User.xcdatamodel; sourceTree = "<group>"; };
		6E44B13E23ABEDBC0068EC9A /* DatabaseHelper.swift */ = {isa = PBXFileReference; lastKnownFileType = sourcecode.swift; path = DatabaseHelper.swift; sourceTree = "<group>"; };
		6E4BD075239E5CFC0022D514 /* OTPVerificationPresenter.swift */ = {isa = PBXFileReference; lastKnownFileType = sourcecode.swift; path = OTPVerificationPresenter.swift; sourceTree = "<group>"; };
		6E4BD07D239F9C5F0022D514 /* AuthCache.swift */ = {isa = PBXFileReference; lastKnownFileType = sourcecode.swift; path = AuthCache.swift; sourceTree = "<group>"; };
		6E4D5B4823B0955100491102 /* SignInWithPasswordProtocols.swift */ = {isa = PBXFileReference; lastKnownFileType = sourcecode.swift; path = SignInWithPasswordProtocols.swift; sourceTree = "<group>"; };
		6E4D5B4A23B0E89E00491102 /* AuthDataProvider.swift */ = {isa = PBXFileReference; lastKnownFileType = sourcecode.swift; path = AuthDataProvider.swift; sourceTree = "<group>"; };
		6E4D5B4C23B0F14000491102 /* CryptoSwift.framework */ = {isa = PBXFileReference; lastKnownFileType = wrapper.framework; name = CryptoSwift.framework; path = Carthage/Build/iOS/CryptoSwift.framework; sourceTree = "<group>"; };
		6E4D5B4D23B0F14000491102 /* FBSDKPlacesKit.framework */ = {isa = PBXFileReference; lastKnownFileType = wrapper.framework; name = FBSDKPlacesKit.framework; path = Carthage/Build/iOS/FBSDKPlacesKit.framework; sourceTree = "<group>"; };
		6E4D5B4E23B0F14000491102 /* FBSDKShareKit.framework */ = {isa = PBXFileReference; lastKnownFileType = wrapper.framework; name = FBSDKShareKit.framework; path = Carthage/Build/iOS/FBSDKShareKit.framework; sourceTree = "<group>"; };
		6E4D5B4F23B0F14000491102 /* FBSDKCoreKit.framework */ = {isa = PBXFileReference; lastKnownFileType = wrapper.framework; name = FBSDKCoreKit.framework; path = Carthage/Build/iOS/FBSDKCoreKit.framework; sourceTree = "<group>"; };
		6E4D5B5023B0F14000491102 /* FBSDKLoginKit.framework */ = {isa = PBXFileReference; lastKnownFileType = wrapper.framework; name = FBSDKLoginKit.framework; path = Carthage/Build/iOS/FBSDKLoginKit.framework; sourceTree = "<group>"; };
		6E4D5B5C23B0FAFE00491102 /* GoFacebookManager.swift */ = {isa = PBXFileReference; lastKnownFileType = sourcecode.swift; path = GoFacebookManager.swift; sourceTree = "<group>"; };
		6E554C03239145C900E043A2 /* AuthAlert.swift */ = {isa = PBXFileReference; lastKnownFileType = sourcecode.swift; path = AuthAlert.swift; sourceTree = "<group>"; };
		6E71C280239550DF00A81BAF /* AppConstants.swift */ = {isa = PBXFileReference; lastKnownFileType = sourcecode.swift; path = AppConstants.swift; sourceTree = "<group>"; };
		6E872FA923A9167500910302 /* ForgotPasswordViewController.swift */ = {isa = PBXFileReference; lastKnownFileType = sourcecode.swift; path = ForgotPasswordViewController.swift; sourceTree = "<group>"; };
		6E872FAB23A91BBA00910302 /* ForgotPasswordPresenter.swift */ = {isa = PBXFileReference; lastKnownFileType = sourcecode.swift; path = ForgotPasswordPresenter.swift; sourceTree = "<group>"; };
		6E872FAD23A91BCE00910302 /* ForgotPasswordInteractor.swift */ = {isa = PBXFileReference; lastKnownFileType = sourcecode.swift; path = ForgotPasswordInteractor.swift; sourceTree = "<group>"; };
		6E872FAF23AB648A00910302 /* ForgotPasswordProtocols.swift */ = {isa = PBXFileReference; lastKnownFileType = sourcecode.swift; path = ForgotPasswordProtocols.swift; sourceTree = "<group>"; };
		6E872FB123AB64A000910302 /* BaseProtocols.swift */ = {isa = PBXFileReference; lastKnownFileType = sourcecode.swift; path = BaseProtocols.swift; sourceTree = "<group>"; };
		6E872FB323AB748800910302 /* MConnectPoweredByView.swift */ = {isa = PBXFileReference; fileEncoding = 4; lastKnownFileType = sourcecode.swift; path = MConnectPoweredByView.swift; sourceTree = "<group>"; };
		6E872FB423AB748800910302 /* MConnectPoweredByView.xib */ = {isa = PBXFileReference; fileEncoding = 4; lastKnownFileType = file.xib; path = MConnectPoweredByView.xib; sourceTree = "<group>"; };
		6E872FB723AB7AEC00910302 /* KeyChainLoginViewController.swift */ = {isa = PBXFileReference; lastKnownFileType = sourcecode.swift; path = KeyChainLoginViewController.swift; sourceTree = "<group>"; };
		6E872FB923AB7B2100910302 /* KeyChainLoginPresenter.swift */ = {isa = PBXFileReference; lastKnownFileType = sourcecode.swift; path = KeyChainLoginPresenter.swift; sourceTree = "<group>"; };
		6E872FBB23AB95DC00910302 /* KeychainLoginUserCell.swift */ = {isa = PBXFileReference; lastKnownFileType = sourcecode.swift; path = KeychainLoginUserCell.swift; sourceTree = "<group>"; };
		6E87D61D239686D800A483EB /* LoginWelcomeCollectionCell.swift */ = {isa = PBXFileReference; lastKnownFileType = sourcecode.swift; path = LoginWelcomeCollectionCell.swift; sourceTree = "<group>"; };
		6EA4D22D2399010B004DFAEA /* LoginGAPManager.swift */ = {isa = PBXFileReference; lastKnownFileType = sourcecode.swift; path = LoginGAPManager.swift; sourceTree = "<group>"; };
		6EA4D22F23993F40004DFAEA /* SignInWithPasswordPresenter.swift */ = {isa = PBXFileReference; lastKnownFileType = sourcecode.swift; path = SignInWithPasswordPresenter.swift; sourceTree = "<group>"; };
		6EA4D231239940D3004DFAEA /* SignInWithPasswordViewController.swift */ = {isa = PBXFileReference; lastKnownFileType = sourcecode.swift; path = SignInWithPasswordViewController.swift; sourceTree = "<group>"; };
		6EA4D2332399413C004DFAEA /* SignInWithPasswordInteractor.swift */ = {isa = PBXFileReference; lastKnownFileType = sourcecode.swift; path = SignInWithPasswordInteractor.swift; sourceTree = "<group>"; };
		6EA780222394F29500FA409D /* AuthInteractor.swift */ = {isa = PBXFileReference; lastKnownFileType = sourcecode.swift; path = AuthInteractor.swift; sourceTree = "<group>"; };
		6EA780242394F4DB00FA409D /* AuthBaseService.swift */ = {isa = PBXFileReference; lastKnownFileType = sourcecode.swift; path = AuthBaseService.swift; sourceTree = "<group>"; };
		6EA780262394F53600FA409D /* LoginModels.swift */ = {isa = PBXFileReference; lastKnownFileType = sourcecode.swift; path = LoginModels.swift; sourceTree = "<group>"; };
		6EA780282394F56D00FA409D /* LoginParsers.swift */ = {isa = PBXFileReference; lastKnownFileType = sourcecode.swift; path = LoginParsers.swift; sourceTree = "<group>"; };
		6EA7802A2394F93300FA409D /* LoginConstants.swift */ = {isa = PBXFileReference; lastKnownFileType = sourcecode.swift; path = LoginConstants.swift; sourceTree = "<group>"; };
		6EA7802D2394FD4C00FA409D /* NetworkConstants.swift */ = {isa = PBXFileReference; lastKnownFileType = sourcecode.swift; path = NetworkConstants.swift; sourceTree = "<group>"; };
		6EA7802F2394FE1E00FA409D /* LoginWrapper.swift */ = {isa = PBXFileReference; lastKnownFileType = sourcecode.swift; path = LoginWrapper.swift; sourceTree = "<group>"; };
		6EA780312395051000FA409D /* KeychainWrapper.swift */ = {isa = PBXFileReference; fileEncoding = 4; lastKnownFileType = sourcecode.swift; path = KeychainWrapper.swift; sourceTree = "<group>"; };
		6EA780352395054C00FA409D /* KeychainItemAccessibility.swift */ = {isa = PBXFileReference; fileEncoding = 4; lastKnownFileType = sourcecode.swift; path = KeychainItemAccessibility.swift; sourceTree = "<group>"; };
		6EA780372395057400FA409D /* KeychainLoginHandler.swift */ = {isa = PBXFileReference; lastKnownFileType = sourcecode.swift; path = KeychainLoginHandler.swift; sourceTree = "<group>"; };
		6EA7803923950D1400FA409D /* LoginBaseViewController.swift */ = {isa = PBXFileReference; lastKnownFileType = sourcecode.swift; path = LoginBaseViewController.swift; sourceTree = "<group>"; };
		6EA7803D23951A2500FA409D /* CommonUtils.h */ = {isa = PBXFileReference; lastKnownFileType = sourcecode.c.h; path = CommonUtils.h; sourceTree = "<group>"; };
		6EA7803E23951A2500FA409D /* CommonUtils.m */ = {isa = PBXFileReference; lastKnownFileType = sourcecode.c.objc; path = CommonUtils.m; sourceTree = "<group>"; };
		6EAA395C239A38CB00872FD2 /* SignInHeaderTableViewCell.swift */ = {isa = PBXFileReference; lastKnownFileType = sourcecode.swift; path = SignInHeaderTableViewCell.swift; sourceTree = "<group>"; };
		6EAA395E239A526000872FD2 /* LoginPasswordTableViewCell.swift */ = {isa = PBXFileReference; lastKnownFileType = sourcecode.swift; path = LoginPasswordTableViewCell.swift; sourceTree = "<group>"; };
		6EAA3960239A5BD200872FD2 /* LoginContinueTableViewCell.swift */ = {isa = PBXFileReference; lastKnownFileType = sourcecode.swift; path = LoginContinueTableViewCell.swift; sourceTree = "<group>"; };
		6EAA3962239A6B2700872FD2 /* LoginOTPVerifyParser.swift */ = {isa = PBXFileReference; lastKnownFileType = sourcecode.swift; path = LoginOTPVerifyParser.swift; sourceTree = "<group>"; };
		6EEA6AF9239105560030F442 /* NetworkLayerFramework.framework */ = {isa = PBXFileReference; lastKnownFileType = wrapper.framework; name = NetworkLayerFramework.framework; path = Carthage/Build/iOS/NetworkLayerFramework.framework; sourceTree = "<group>"; };
		6EEA6B4223912D0B0030F442 /* AuthDepedencyInjector.swift */ = {isa = PBXFileReference; lastKnownFileType = sourcecode.swift; path = AuthDepedencyInjector.swift; sourceTree = "<group>"; };
		6EEA6B442391329B0030F442 /* UserDataManager.swift */ = {isa = PBXFileReference; lastKnownFileType = sourcecode.swift; path = UserDataManager.swift; sourceTree = "<group>"; };
		A572CD12B5FB82CFC0D03AB6 /* Pods_AuthModule.framework */ = {isa = PBXFileReference; explicitFileType = wrapper.framework; includeInIndex = 0; path = Pods_AuthModule.framework; sourceTree = BUILT_PRODUCTS_DIR; };
		B91CE9CDD26F913767EBC999 /* Pods-AuthSampleApp.debug.xcconfig */ = {isa = PBXFileReference; includeInIndex = 1; lastKnownFileType = text.xcconfig; name = "Pods-AuthSampleApp.debug.xcconfig"; path = "Target Support Files/Pods-AuthSampleApp/Pods-AuthSampleApp.debug.xcconfig"; sourceTree = "<group>"; };
		CA1166872461082100011025 /* Pods_AuthSampleApp.framework */ = {isa = PBXFileReference; explicitFileType = wrapper.framework; includeInIndex = 0; path = Pods_AuthSampleApp.framework; sourceTree = BUILT_PRODUCTS_DIR; };
		FE4209F2F1770801B65CCACB /* Pods-AuthModule.debug.xcconfig */ = {isa = PBXFileReference; includeInIndex = 1; lastKnownFileType = text.xcconfig; name = "Pods-AuthModule.debug.xcconfig"; path = "Target Support Files/Pods-AuthModule/Pods-AuthModule.debug.xcconfig"; sourceTree = "<group>"; };
/* End PBXFileReference section */

/* Begin PBXFrameworksBuildPhase section */
		6E0701D72386BC5D008D79E9 /* Frameworks */ = {
			isa = PBXFrameworksBuildPhase;
			buildActionMask = 2147483647;
			files = (
				6E0701FB2386BC78008D79E9 /* AuthModule.framework in Frameworks */,
				64A0FEAE64C7BC7E999FE812 /* Pods_AuthSampleApp.framework in Frameworks */,
			);
			runOnlyForDeploymentPostprocessing = 0;
		};
		6E0701F12386BC78008D79E9 /* Frameworks */ = {
			isa = PBXFrameworksBuildPhase;
			buildActionMask = 2147483647;
			files = (
				6E4D5B5123B0F14000491102 /* CryptoSwift.framework in Frameworks */,
				6E4D5B5723B0F14100491102 /* FBSDKCoreKit.framework in Frameworks */,
				6EEA6AFA239105560030F442 /* NetworkLayerFramework.framework in Frameworks */,
				6E4D5B5923B0F14100491102 /* FBSDKLoginKit.framework in Frameworks */,
				F51E989187E6764E970CAEDC /* Pods_AuthModule.framework in Frameworks */,
			);
			runOnlyForDeploymentPostprocessing = 0;
		};
/* End PBXFrameworksBuildPhase section */

/* Begin PBXGroup section */
		6B9944F8CCD1BEDF0F8B7769 /* Pods */ = {
			isa = PBXGroup;
			children = (
				FE4209F2F1770801B65CCACB /* Pods-AuthModule.debug.xcconfig */,
				63B1DFC2ADFF8457ABE3278A /* Pods-AuthModule.release.xcconfig */,
				B91CE9CDD26F913767EBC999 /* Pods-AuthSampleApp.debug.xcconfig */,
				2E9C1403B28F3354740A8251 /* Pods-AuthSampleApp.release.xcconfig */,
			);
			path = Pods;
			sourceTree = "<group>";
		};
		6E0701D12386BC5C008D79E9 = {
			isa = PBXGroup;
			children = (
				6E0701DC2386BC5D008D79E9 /* AuthSampleApp */,
				6E0701F52386BC78008D79E9 /* AuthModule */,
				6E0701DB2386BC5D008D79E9 /* Products */,
				6EEA6AF8239105560030F442 /* Frameworks */,
				6B9944F8CCD1BEDF0F8B7769 /* Pods */,
			);
			sourceTree = "<group>";
		};
		6E0701DB2386BC5D008D79E9 /* Products */ = {
			isa = PBXGroup;
			children = (
				6E0701DA2386BC5D008D79E9 /* AuthSampleApp.app */,
				6E0701F42386BC78008D79E9 /* AuthModule.framework */,
			);
			name = Products;
			sourceTree = "<group>";
		};
		6E0701DC2386BC5D008D79E9 /* AuthSampleApp */ = {
			isa = PBXGroup;
			children = (
				6E0701DD2386BC5D008D79E9 /* AppDelegate.swift */,
				6E0701DF2386BC5D008D79E9 /* ViewController.swift */,
				6E0701E12386BC5D008D79E9 /* Main.storyboard */,
				6E0701E62386BC63008D79E9 /* LaunchScreen.storyboard */,
				6E0701E92386BC63008D79E9 /* Info.plist */,
				6E0701E42386BC63008D79E9 /* Assets.xcassets */,
			);
			path = AuthSampleApp;
			sourceTree = "<group>";
		};
		6E0701F52386BC78008D79E9 /* AuthModule */ = {
			isa = PBXGroup;
			children = (
				6E4011E923A3CEDA002C6BFD /* Protocols */,
				6EA4D22C239900FD004DFAEA /* Analytics */,
				6EA7802C2394FD4100FA409D /* Constants */,
				6EA780212394F27500FA409D /* Service */,
				6E070233238E94CD008D79E9 /* Cells */,
				6E070232238E94B8008D79E9 /* Interactor */,
				6E070231238E94A4008D79E9 /* Router */,
				6E070230238E9499008D79E9 /* Views */,
				6E07022F238E948C008D79E9 /* Presenter */,
				6E07021C238D48E7008D79E9 /* Depedency */,
				6E070213238D0959008D79E9 /* Graphics */,
				6E0702082386BD9D008D79E9 /* Storyboard */,
				6E0702052386BD71008D79E9 /* Utils */,
				6E0701F62386BC78008D79E9 /* AuthModule.h */,
				6E0701F72386BC78008D79E9 /* Info.plist */,
				6E07020F2386C194008D79E9 /* WhatsAppManager.swift */,
				6EEA6B4223912D0B0030F442 /* AuthDepedencyInjector.swift */,
				6EEA6B442391329B0030F442 /* UserDataManager.swift */,
				6E4BD07D239F9C5F0022D514 /* AuthCache.swift */,
				6E44B13B23ABEB690068EC9A /* UserData.xcdatamodeld */,
			);
			path = AuthModule;
			sourceTree = "<group>";
		};
		6E0702052386BD71008D79E9 /* Utils */ = {
			isa = PBXGroup;
			children = (
				6EA780352395054C00FA409D /* KeychainItemAccessibility.swift */,
				6EA780312395051000FA409D /* KeychainWrapper.swift */,
				6E07022A238E5C16008D79E9 /* AuthUtils.swift */,
				6E0702062386BD82008D79E9 /* View_Extensions.swift */,
				6E0702112386C756008D79E9 /* CommonUIExtensions.swift */,
				6E554C03239145C900E043A2 /* AuthAlert.swift */,
				6EA780372395057400FA409D /* KeychainLoginHandler.swift */,
				6EA7803D23951A2500FA409D /* CommonUtils.h */,
				6EA7803E23951A2500FA409D /* CommonUtils.m */,
				6E44B13E23ABEDBC0068EC9A /* DatabaseHelper.swift */,
				6E4D5B4A23B0E89E00491102 /* AuthDataProvider.swift */,
				6E4D5B5C23B0FAFE00491102 /* GoFacebookManager.swift */,
			);
			path = Utils;
			sourceTree = "<group>";
		};
		6E0702082386BD9D008D79E9 /* Storyboard */ = {
			isa = PBXGroup;
			children = (
				6E0702092386BDA7008D79E9 /* Auth.storyboard */,
			);
			path = Storyboard;
			sourceTree = "<group>";
		};
		6E070213238D0959008D79E9 /* Graphics */ = {
			isa = PBXGroup;
			children = (
				6E070214238D096A008D79E9 /* SFUIText-Regular.ttf */,
			);
			path = Graphics;
			sourceTree = "<group>";
		};
		6E07021C238D48E7008D79E9 /* Depedency */ = {
			isa = PBXGroup;
			children = (
				6E070218238D48AC008D79E9 /* FirebaseHandlerProtocol.swift */,
				6E07021A238D48DA008D79E9 /* FireBaseConfigKeys.swift */,
			);
			path = Depedency;
			sourceTree = "<group>";
		};
		6E07022F238E948C008D79E9 /* Presenter */ = {
			isa = PBXGroup;
			children = (
				6E07020B2386BF84008D79E9 /* LoginWelcomePresenter.swift */,
				6EA4D22F23993F40004DFAEA /* SignInWithPasswordPresenter.swift */,
				6E4BD075239E5CFC0022D514 /* OTPVerificationPresenter.swift */,
				6E391B5D23A12B1E006AEC46 /* SignUpPresenter.swift */,
				6E872FAB23A91BBA00910302 /* ForgotPasswordPresenter.swift */,
				6E872FB923AB7B2100910302 /* KeyChainLoginPresenter.swift */,
			);
			path = Presenter;
			sourceTree = "<group>";
		};
		6E070230238E9499008D79E9 /* Views */ = {
			isa = PBXGroup;
			children = (
				6EA7803923950D1400FA409D /* LoginBaseViewController.swift */,
				6E0702012386BC95008D79E9 /* LoginWelcomeViewController.swift */,
				6EA4D231239940D3004DFAEA /* SignInWithPasswordViewController.swift */,
				6E050AB7239A89C50006E67A /* OtpVerificationViewController.swift */,
				6E391B5B23A12A14006AEC46 /* SignupViewController.swift */,
				6E872FA923A9167500910302 /* ForgotPasswordViewController.swift */,
				6E872FB723AB7AEC00910302 /* KeyChainLoginViewController.swift */,
			);
			path = Views;
			sourceTree = "<group>";
		};
		6E070231238E94A4008D79E9 /* Router */ = {
			isa = PBXGroup;
			children = (
				6E0702032386BCCE008D79E9 /* AuthRouter.swift */,
			);
			path = Router;
			sourceTree = "<group>";
		};
		6E070232238E94B8008D79E9 /* Interactor */ = {
			isa = PBXGroup;
			children = (
				6E391B5723A0CDB1006AEC46 /* BaseInteractor.swift */,
				6E07020D2386BF97008D79E9 /* LoginWelcomeInteractor.swift */,
				6EA4D2332399413C004DFAEA /* SignInWithPasswordInteractor.swift */,
				6E391B5F23A12B34006AEC46 /* SignupInteractor.swift */,
				6E39436223A376FA00AA0A79 /* OTPVerificationInteractor.swift */,
				6E872FAD23A91BCE00910302 /* ForgotPasswordInteractor.swift */,
			);
			path = Interactor;
			sourceTree = "<group>";
		};
		6E070233238E94CD008D79E9 /* Cells */ = {
			isa = PBXGroup;
			children = (
				6E872FB323AB748800910302 /* MConnectPoweredByView.swift */,
				6E872FB423AB748800910302 /* MConnectPoweredByView.xib */,
				6E07021F238D6861008D79E9 /* LoginOrTableCell.swift */,
				6E070222238D6B92008D79E9 /* LoginNewUserDetailsCell.swift */,
				6E070225238E3968008D79E9 /* LoginFBSingupTableCell.swift */,
				6E070228238E5786008D79E9 /* LoginSkipNowTableCell.swift */,
				6E070216238D3FA2008D79E9 /* LoginWelcomeHeaderCell.swift */,
				6E87D61D239686D800A483EB /* LoginWelcomeCollectionCell.swift */,
				6EAA395C239A38CB00872FD2 /* SignInHeaderTableViewCell.swift */,
				6EAA395E239A526000872FD2 /* LoginPasswordTableViewCell.swift */,
				6EAA3960239A5BD200872FD2 /* LoginContinueTableViewCell.swift */,
				6E39436423A385DF00AA0A79 /* SignUpHeaderTableCell.swift */,
				6E872FBB23AB95DC00910302 /* KeychainLoginUserCell.swift */,
			);
			path = Cells;
			sourceTree = "<group>";
		};
		6E4011E923A3CEDA002C6BFD /* Protocols */ = {
			isa = PBXGroup;
			children = (
				6E872FB123AB64A000910302 /* BaseProtocols.swift */,
				6E4011EA23A3CEF5002C6BFD /* LoginWelcomeProtocols.swift */,
				6E872FAF23AB648A00910302 /* ForgotPasswordProtocols.swift */,
				6E4D5B4823B0955100491102 /* SignInWithPasswordProtocols.swift */,
			);
			path = Protocols;
			sourceTree = "<group>";
		};
		6EA4D22C239900FD004DFAEA /* Analytics */ = {
			isa = PBXGroup;
			children = (
				6EA4D22D2399010B004DFAEA /* LoginGAPManager.swift */,
			);
			path = Analytics;
			sourceTree = "<group>";
		};
		6EA780212394F27500FA409D /* Service */ = {
			isa = PBXGroup;
			children = (
				6EA780242394F4DB00FA409D /* AuthBaseService.swift */,
				6EA780222394F29500FA409D /* AuthInteractor.swift */,
				6EA780262394F53600FA409D /* LoginModels.swift */,
				6EA780282394F56D00FA409D /* LoginParsers.swift */,
				6EA7802A2394F93300FA409D /* LoginConstants.swift */,
				6EA7802F2394FE1E00FA409D /* LoginWrapper.swift */,
				6EAA3962239A6B2700872FD2 /* LoginOTPVerifyParser.swift */,
				6E050AB5239A86B70006E67A /* LoggedInUserData.swift */,
				6E391B5923A0CF72006AEC46 /* MconnectDataParser.swift */,
			);
			path = Service;
			sourceTree = "<group>";
		};
		6EA7802C2394FD4100FA409D /* Constants */ = {
			isa = PBXGroup;
			children = (
				6EA7802D2394FD4C00FA409D /* NetworkConstants.swift */,
				6E71C280239550DF00A81BAF /* AppConstants.swift */,
			);
			path = Constants;
			sourceTree = "<group>";
		};
		6EEA6AF8239105560030F442 /* Frameworks */ = {
			isa = PBXGroup;
			children = (
				6E4D5B4C23B0F14000491102 /* CryptoSwift.framework */,
				6E4D5B4F23B0F14000491102 /* FBSDKCoreKit.framework */,
				6E4D5B5023B0F14000491102 /* FBSDKLoginKit.framework */,
				6E4D5B4D23B0F14000491102 /* FBSDKPlacesKit.framework */,
				6E4D5B4E23B0F14000491102 /* FBSDKShareKit.framework */,
				6EEA6AF9239105560030F442 /* NetworkLayerFramework.framework */,
				A572CD12B5FB82CFC0D03AB6 /* Pods_AuthModule.framework */,
				CA1166872461082100011025 /* Pods_AuthSampleApp.framework */,
			);
			name = Frameworks;
			sourceTree = "<group>";
		};
/* End PBXGroup section */

/* Begin PBXHeadersBuildPhase section */
		6E0701EF2386BC78008D79E9 /* Headers */ = {
			isa = PBXHeadersBuildPhase;
			buildActionMask = 2147483647;
			files = (
				6E0701F82386BC78008D79E9 /* AuthModule.h in Headers */,
				6EA7803F23951A2500FA409D /* CommonUtils.h in Headers */,
			);
			runOnlyForDeploymentPostprocessing = 0;
		};
/* End PBXHeadersBuildPhase section */

/* Begin PBXNativeTarget section */
		6E0701D92386BC5D008D79E9 /* AuthSampleApp */ = {
			isa = PBXNativeTarget;
			buildConfigurationList = 6E0701EC2386BC63008D79E9 /* Build configuration list for PBXNativeTarget "AuthSampleApp" */;
			buildPhases = (
				DC9E0A5940F82CC13EEE2950 /* [CP] Check Pods Manifest.lock */,
				6E0701D62386BC5D008D79E9 /* Sources */,
				6E0701D72386BC5D008D79E9 /* Frameworks */,
				6E0701D82386BC5D008D79E9 /* Resources */,
				6E0702002386BC78008D79E9 /* Embed Frameworks */,
				7918DB7D00A0EB9F401DC9B3 /* [CP] Embed Pods Frameworks */,
			);
			buildRules = (
			);
			dependencies = (
				6E0701FA2386BC78008D79E9 /* PBXTargetDependency */,
			);
			name = AuthSampleApp;
			productName = AuthSampleApp;
			productReference = 6E0701DA2386BC5D008D79E9 /* AuthSampleApp.app */;
			productType = "com.apple.product-type.application";
		};
		6E0701F32386BC78008D79E9 /* AuthModule */ = {
			isa = PBXNativeTarget;
			buildConfigurationList = 6E0701FD2386BC78008D79E9 /* Build configuration list for PBXNativeTarget "AuthModule" */;
			buildPhases = (
				49B9DDCE9EBBA5C774EB6CB1 /* [CP] Check Pods Manifest.lock */,
				6E0701EF2386BC78008D79E9 /* Headers */,
				6E0701F02386BC78008D79E9 /* Sources */,
				6E0701F12386BC78008D79E9 /* Frameworks */,
				6E0701F22386BC78008D79E9 /* Resources */,
				6EEA6AFD239105610030F442 /* ShellScript */,
			);
			buildRules = (
			);
			dependencies = (
			);
			name = AuthModule;
			productName = AuthModule;
			productReference = 6E0701F42386BC78008D79E9 /* AuthModule.framework */;
			productType = "com.apple.product-type.framework";
		};
/* End PBXNativeTarget section */

/* Begin PBXProject section */
		6E0701D22386BC5C008D79E9 /* Project object */ = {
			isa = PBXProject;
			attributes = {
				LastSwiftUpdateCheck = 1020;
				LastUpgradeCheck = 1020;
				ORGANIZATIONNAME = "Nitin Chadha";
				TargetAttributes = {
					6E0701D92386BC5D008D79E9 = {
						CreatedOnToolsVersion = 10.2.1;
					};
					6E0701F32386BC78008D79E9 = {
						CreatedOnToolsVersion = 10.2.1;
						LastSwiftMigration = 1120;
					};
				};
			};
			buildConfigurationList = 6E0701D52386BC5C008D79E9 /* Build configuration list for PBXProject "AuthModule" */;
			compatibilityVersion = "Xcode 9.3";
			developmentRegion = en;
			hasScannedForEncodings = 0;
			knownRegions = (
				en,
				Base,
			);
			mainGroup = 6E0701D12386BC5C008D79E9;
			productRefGroup = 6E0701DB2386BC5D008D79E9 /* Products */;
			projectDirPath = "";
			projectRoot = "";
			targets = (
				6E0701D92386BC5D008D79E9 /* AuthSampleApp */,
				6E0701F32386BC78008D79E9 /* AuthModule */,
			);
		};
/* End PBXProject section */

/* Begin PBXResourcesBuildPhase section */
		6E0701D82386BC5D008D79E9 /* Resources */ = {
			isa = PBXResourcesBuildPhase;
			buildActionMask = 2147483647;
			files = (
				6E0701E82386BC63008D79E9 /* LaunchScreen.storyboard in Resources */,
				6EA4D23723994658004DFAEA /* Assets.xcassets in Resources */,
				6E0701E32386BC5D008D79E9 /* Main.storyboard in Resources */,
			);
			runOnlyForDeploymentPostprocessing = 0;
		};
		6E0701F22386BC78008D79E9 /* Resources */ = {
			isa = PBXResourcesBuildPhase;
			buildActionMask = 2147483647;
			files = (
				6E07020A2386BDA7008D79E9 /* Auth.storyboard in Resources */,
				6E070215238D096A008D79E9 /* SFUIText-Regular.ttf in Resources */,
				6E872FB623AB748800910302 /* MConnectPoweredByView.xib in Resources */,
			);
			runOnlyForDeploymentPostprocessing = 0;
		};
/* End PBXResourcesBuildPhase section */

/* Begin PBXShellScriptBuildPhase section */
		49B9DDCE9EBBA5C774EB6CB1 /* [CP] Check Pods Manifest.lock */ = {
			isa = PBXShellScriptBuildPhase;
			buildActionMask = 2147483647;
			files = (
			);
			inputFileListPaths = (
			);
			inputPaths = (
				"${PODS_PODFILE_DIR_PATH}/Podfile.lock",
				"${PODS_ROOT}/Manifest.lock",
			);
			name = "[CP] Check Pods Manifest.lock";
			outputFileListPaths = (
			);
			outputPaths = (
				"$(DERIVED_FILE_DIR)/Pods-AuthModule-checkManifestLockResult.txt",
			);
			runOnlyForDeploymentPostprocessing = 0;
			shellPath = /bin/sh;
			shellScript = "diff \"${PODS_PODFILE_DIR_PATH}/Podfile.lock\" \"${PODS_ROOT}/Manifest.lock\" > /dev/null\nif [ $? != 0 ] ; then\n    # print error to STDERR\n    echo \"error: The sandbox is not in sync with the Podfile.lock. Run 'pod install' or update your CocoaPods installation.\" >&2\n    exit 1\nfi\n# This output is used by Xcode 'outputs' to avoid re-running this script phase.\necho \"SUCCESS\" > \"${SCRIPT_OUTPUT_FILE_0}\"\n";
			showEnvVarsInLog = 0;
		};
		6EEA6AFD239105610030F442 /* ShellScript */ = {
			isa = PBXShellScriptBuildPhase;
			buildActionMask = 2147483647;
			files = (
			);
			inputFileListPaths = (
			);
			inputPaths = (
				"$(SRCROOT)/Carthage/Build/iOS/NetworkLayerFramework.framework",
			);
			outputFileListPaths = (
			);
			outputPaths = (
			);
			runOnlyForDeploymentPostprocessing = 0;
			shellPath = /bin/sh;
			shellScript = "/usr/local/bin/carthage copy-frameworks\n\n";
		};
		7918DB7D00A0EB9F401DC9B3 /* [CP] Embed Pods Frameworks */ = {
			isa = PBXShellScriptBuildPhase;
			buildActionMask = 2147483647;
			files = (
			);
			inputFileListPaths = (
				"${PODS_ROOT}/Target Support Files/Pods-AuthSampleApp/Pods-AuthSampleApp-frameworks-${CONFIGURATION}-input-files.xcfilelist",
			);
			name = "[CP] Embed Pods Frameworks";
			outputFileListPaths = (
				"${PODS_ROOT}/Target Support Files/Pods-AuthSampleApp/Pods-AuthSampleApp-frameworks-${CONFIGURATION}-output-files.xcfilelist",
			);
			runOnlyForDeploymentPostprocessing = 0;
			shellPath = /bin/sh;
			shellScript = "\"${PODS_ROOT}/Target Support Files/Pods-AuthSampleApp/Pods-AuthSampleApp-frameworks.sh\"\n";
			showEnvVarsInLog = 0;
		};
		DC9E0A5940F82CC13EEE2950 /* [CP] Check Pods Manifest.lock */ = {
			isa = PBXShellScriptBuildPhase;
			buildActionMask = 2147483647;
			files = (
			);
			inputFileListPaths = (
			);
			inputPaths = (
				"${PODS_PODFILE_DIR_PATH}/Podfile.lock",
				"${PODS_ROOT}/Manifest.lock",
			);
			name = "[CP] Check Pods Manifest.lock";
			outputFileListPaths = (
			);
			outputPaths = (
				"$(DERIVED_FILE_DIR)/Pods-AuthSampleApp-checkManifestLockResult.txt",
			);
			runOnlyForDeploymentPostprocessing = 0;
			shellPath = /bin/sh;
			shellScript = "diff \"${PODS_PODFILE_DIR_PATH}/Podfile.lock\" \"${PODS_ROOT}/Manifest.lock\" > /dev/null\nif [ $? != 0 ] ; then\n    # print error to STDERR\n    echo \"error: The sandbox is not in sync with the Podfile.lock. Run 'pod install' or update your CocoaPods installation.\" >&2\n    exit 1\nfi\n# This output is used by Xcode 'outputs' to avoid re-running this script phase.\necho \"SUCCESS\" > \"${SCRIPT_OUTPUT_FILE_0}\"\n";
			showEnvVarsInLog = 0;
		};
/* End PBXShellScriptBuildPhase section */

/* Begin PBXSourcesBuildPhase section */
		6E0701D62386BC5D008D79E9 /* Sources */ = {
			isa = PBXSourcesBuildPhase;
			buildActionMask = 2147483647;
			files = (
				6E0701E02386BC5D008D79E9 /* ViewController.swift in Sources */,
				6E0701DE2386BC5D008D79E9 /* AppDelegate.swift in Sources */,
			);
			runOnlyForDeploymentPostprocessing = 0;
		};
		6E0701F02386BC78008D79E9 /* Sources */ = {
			isa = PBXSourcesBuildPhase;
			buildActionMask = 2147483647;
			files = (
				6EA7802E2394FD4C00FA409D /* NetworkConstants.swift in Sources */,
				6E070224238D6CDA008D79E9 /* LoginNewUserDetailsCell.swift in Sources */,
				6EAA3961239A5BD200872FD2 /* LoginContinueTableViewCell.swift in Sources */,
				6E050AB6239A86B70006E67A /* LoggedInUserData.swift in Sources */,
				6E872FBA23AB7B2200910302 /* KeyChainLoginPresenter.swift in Sources */,
				6E4011EB23A3CEF5002C6BFD /* LoginWelcomeProtocols.swift in Sources */,
				6E07022E238E71C5008D79E9 /* AuthUtils.swift in Sources */,
				6E391B6023A12B34006AEC46 /* SignupInteractor.swift in Sources */,
				6EA7802B2394F93300FA409D /* LoginConstants.swift in Sources */,
				6E07021D238D4991008D79E9 /* FireBaseConfigKeys.swift in Sources */,
				6E44B13F23ABEDBC0068EC9A /* DatabaseHelper.swift in Sources */,
				6E070227238E39EC008D79E9 /* LoginFBSingupTableCell.swift in Sources */,
				6EA780292394F56D00FA409D /* LoginParsers.swift in Sources */,
				6E872FB823AB7AEC00910302 /* KeyChainLoginViewController.swift in Sources */,
				6EA4D22E2399010B004DFAEA /* LoginGAPManager.swift in Sources */,
				6E070221238D68CD008D79E9 /* LoginOrTableCell.swift in Sources */,
				6E872FB523AB748800910302 /* MConnectPoweredByView.swift in Sources */,
				6E391B5823A0CDB1006AEC46 /* BaseInteractor.swift in Sources */,
				6E0702042386BCCE008D79E9 /* AuthRouter.swift in Sources */,
				6E554C04239145C900E043A2 /* AuthAlert.swift in Sources */,
				6EA780302394FE1E00FA409D /* LoginWrapper.swift in Sources */,
				6EA780322395051000FA409D /* KeychainWrapper.swift in Sources */,
				6E872FAA23A9167500910302 /* ForgotPasswordViewController.swift in Sources */,
				6EA780232394F29500FA409D /* AuthInteractor.swift in Sources */,
				6E0702022386BC95008D79E9 /* LoginWelcomeViewController.swift in Sources */,
				6EA780272394F53600FA409D /* LoginModels.swift in Sources */,
				6EA4D232239940D3004DFAEA /* SignInWithPasswordViewController.swift in Sources */,
				6EA4D2342399413C004DFAEA /* SignInWithPasswordInteractor.swift in Sources */,
				6EAA395F239A526000872FD2 /* LoginPasswordTableViewCell.swift in Sources */,
				6E39436323A376FA00AA0A79 /* OTPVerificationInteractor.swift in Sources */,
				6E872FBC23AB95DC00910302 /* KeychainLoginUserCell.swift in Sources */,
				6E4D5B5D23B0FAFE00491102 /* GoFacebookManager.swift in Sources */,
				6E39436523A385DF00AA0A79 /* SignUpHeaderTableCell.swift in Sources */,
				6EEA6B4323912D0B0030F442 /* AuthDepedencyInjector.swift in Sources */,
				6EA7804023951A2500FA409D /* CommonUtils.m in Sources */,
				6E07021E238D4AF6008D79E9 /* FirebaseHandlerProtocol.swift in Sources */,
				6E0702072386BD82008D79E9 /* View_Extensions.swift in Sources */,
				6E070229238E5786008D79E9 /* LoginSkipNowTableCell.swift in Sources */,
				6E391B5C23A12A14006AEC46 /* SignupViewController.swift in Sources */,
				6E872FAE23A91BCE00910302 /* ForgotPasswordInteractor.swift in Sources */,
				6E07020E2386BF97008D79E9 /* LoginWelcomeInteractor.swift in Sources */,
				6E4D5B4923B0955100491102 /* SignInWithPasswordProtocols.swift in Sources */,
				6E872FB223AB64A000910302 /* BaseProtocols.swift in Sources */,
				6E4D5B4B23B0E89E00491102 /* AuthDataProvider.swift in Sources */,
				6EA780382395057400FA409D /* KeychainLoginHandler.swift in Sources */,
				6E391B5E23A12B1E006AEC46 /* SignUpPresenter.swift in Sources */,
				6E44B13D23ABEB6A0068EC9A /* UserData.xcdatamodeld in Sources */,
				6EAA3963239A6B2700872FD2 /* LoginOTPVerifyParser.swift in Sources */,
				6EAA395D239A38CB00872FD2 /* SignInHeaderTableViewCell.swift in Sources */,
				6EA780252394F4DB00FA409D /* AuthBaseService.swift in Sources */,
				6E71C281239550DF00A81BAF /* AppConstants.swift in Sources */,
				6E872FB023AB648A00910302 /* ForgotPasswordProtocols.swift in Sources */,
				6E87D61E239686D800A483EB /* LoginWelcomeCollectionCell.swift in Sources */,
				6E050AB8239A89C50006E67A /* OtpVerificationViewController.swift in Sources */,
				6E07020C2386BF84008D79E9 /* LoginWelcomePresenter.swift in Sources */,
				6E070217238D3FA2008D79E9 /* LoginWelcomeHeaderCell.swift in Sources */,
				6E391B5A23A0CF72006AEC46 /* MconnectDataParser.swift in Sources */,
				6E4BD07E239F9C5F0022D514 /* AuthCache.swift in Sources */,
				6E872FAC23A91BBA00910302 /* ForgotPasswordPresenter.swift in Sources */,
				6E4BD076239E5CFC0022D514 /* OTPVerificationPresenter.swift in Sources */,
				6EA780362395054C00FA409D /* KeychainItemAccessibility.swift in Sources */,
				6E0702122386C757008D79E9 /* CommonUIExtensions.swift in Sources */,
				6E0702102386C194008D79E9 /* WhatsAppManager.swift in Sources */,
				6EEA6B452391329B0030F442 /* UserDataManager.swift in Sources */,
				6EA7803A23950D1400FA409D /* LoginBaseViewController.swift in Sources */,
				6EA4D23023993F40004DFAEA /* SignInWithPasswordPresenter.swift in Sources */,
			);
			runOnlyForDeploymentPostprocessing = 0;
		};
/* End PBXSourcesBuildPhase section */

/* Begin PBXTargetDependency section */
		6E0701FA2386BC78008D79E9 /* PBXTargetDependency */ = {
			isa = PBXTargetDependency;
			target = 6E0701F32386BC78008D79E9 /* AuthModule */;
			targetProxy = 6E0701F92386BC78008D79E9 /* PBXContainerItemProxy */;
		};
/* End PBXTargetDependency section */

/* Begin PBXVariantGroup section */
		6E0701E12386BC5D008D79E9 /* Main.storyboard */ = {
			isa = PBXVariantGroup;
			children = (
				6E0701E22386BC5D008D79E9 /* Base */,
			);
			name = Main.storyboard;
			sourceTree = "<group>";
		};
		6E0701E62386BC63008D79E9 /* LaunchScreen.storyboard */ = {
			isa = PBXVariantGroup;
			children = (
				6E0701E72386BC63008D79E9 /* Base */,
			);
			name = LaunchScreen.storyboard;
			sourceTree = "<group>";
		};
/* End PBXVariantGroup section */

/* Begin XCBuildConfiguration section */
		6E0701EA2386BC63008D79E9 /* Debug */ = {
			isa = XCBuildConfiguration;
			buildSettings = {
				ALWAYS_SEARCH_USER_PATHS = NO;
				CLANG_ANALYZER_NONNULL = YES;
				CLANG_ANALYZER_NUMBER_OBJECT_CONVERSION = YES_AGGRESSIVE;
				CLANG_CXX_LANGUAGE_STANDARD = "gnu++14";
				CLANG_CXX_LIBRARY = "libc++";
				CLANG_ENABLE_MODULES = YES;
				CLANG_ENABLE_OBJC_ARC = YES;
				CLANG_ENABLE_OBJC_WEAK = YES;
				CLANG_WARN_BLOCK_CAPTURE_AUTORELEASING = YES;
				CLANG_WARN_BOOL_CONVERSION = YES;
				CLANG_WARN_COMMA = YES;
				CLANG_WARN_CONSTANT_CONVERSION = YES;
				CLANG_WARN_DEPRECATED_OBJC_IMPLEMENTATIONS = YES;
				CLANG_WARN_DIRECT_OBJC_ISA_USAGE = YES_ERROR;
				CLANG_WARN_DOCUMENTATION_COMMENTS = YES;
				CLANG_WARN_EMPTY_BODY = YES;
				CLANG_WARN_ENUM_CONVERSION = YES;
				CLANG_WARN_INFINITE_RECURSION = YES;
				CLANG_WARN_INT_CONVERSION = YES;
				CLANG_WARN_NON_LITERAL_NULL_CONVERSION = YES;
				CLANG_WARN_OBJC_IMPLICIT_RETAIN_SELF = YES;
				CLANG_WARN_OBJC_LITERAL_CONVERSION = YES;
				CLANG_WARN_OBJC_ROOT_CLASS = YES_ERROR;
				CLANG_WARN_RANGE_LOOP_ANALYSIS = YES;
				CLANG_WARN_STRICT_PROTOTYPES = YES;
				CLANG_WARN_SUSPICIOUS_MOVE = YES;
				CLANG_WARN_UNGUARDED_AVAILABILITY = YES_AGGRESSIVE;
				CLANG_WARN_UNREACHABLE_CODE = YES;
				CLANG_WARN__DUPLICATE_METHOD_MATCH = YES;
				CODE_SIGN_IDENTITY = "iPhone Developer";
				COPY_PHASE_STRIP = NO;
				DEBUG_INFORMATION_FORMAT = dwarf;
				ENABLE_STRICT_OBJC_MSGSEND = YES;
				ENABLE_TESTABILITY = YES;
				GCC_C_LANGUAGE_STANDARD = gnu11;
				GCC_DYNAMIC_NO_PIC = NO;
				GCC_NO_COMMON_BLOCKS = YES;
				GCC_OPTIMIZATION_LEVEL = 0;
				GCC_PREPROCESSOR_DEFINITIONS = (
					"DEBUG=1",
					"$(inherited)",
				);
				GCC_WARN_64_TO_32_BIT_CONVERSION = YES;
				GCC_WARN_ABOUT_RETURN_TYPE = YES_ERROR;
				GCC_WARN_UNDECLARED_SELECTOR = YES;
				GCC_WARN_UNINITIALIZED_AUTOS = YES_AGGRESSIVE;
				GCC_WARN_UNUSED_FUNCTION = YES;
				GCC_WARN_UNUSED_VARIABLE = YES;
				IPHONEOS_DEPLOYMENT_TARGET = 10.0;
				MTL_ENABLE_DEBUG_INFO = INCLUDE_SOURCE;
				MTL_FAST_MATH = YES;
				ONLY_ACTIVE_ARCH = YES;
				SDKROOT = iphoneos;
				SWIFT_ACTIVE_COMPILATION_CONDITIONS = DEBUG;
				SWIFT_OPTIMIZATION_LEVEL = "-Onone";
				SWIFT_VERSION = 5.0;
			};
			name = Debug;
		};
		6E0701EB2386BC63008D79E9 /* Release */ = {
			isa = XCBuildConfiguration;
			buildSettings = {
				ALWAYS_SEARCH_USER_PATHS = NO;
				CLANG_ANALYZER_NONNULL = YES;
				CLANG_ANALYZER_NUMBER_OBJECT_CONVERSION = YES_AGGRESSIVE;
				CLANG_CXX_LANGUAGE_STANDARD = "gnu++14";
				CLANG_CXX_LIBRARY = "libc++";
				CLANG_ENABLE_MODULES = YES;
				CLANG_ENABLE_OBJC_ARC = YES;
				CLANG_ENABLE_OBJC_WEAK = YES;
				CLANG_WARN_BLOCK_CAPTURE_AUTORELEASING = YES;
				CLANG_WARN_BOOL_CONVERSION = YES;
				CLANG_WARN_COMMA = YES;
				CLANG_WARN_CONSTANT_CONVERSION = YES;
				CLANG_WARN_DEPRECATED_OBJC_IMPLEMENTATIONS = YES;
				CLANG_WARN_DIRECT_OBJC_ISA_USAGE = YES_ERROR;
				CLANG_WARN_DOCUMENTATION_COMMENTS = YES;
				CLANG_WARN_EMPTY_BODY = YES;
				CLANG_WARN_ENUM_CONVERSION = YES;
				CLANG_WARN_INFINITE_RECURSION = YES;
				CLANG_WARN_INT_CONVERSION = YES;
				CLANG_WARN_NON_LITERAL_NULL_CONVERSION = YES;
				CLANG_WARN_OBJC_IMPLICIT_RETAIN_SELF = YES;
				CLANG_WARN_OBJC_LITERAL_CONVERSION = YES;
				CLANG_WARN_OBJC_ROOT_CLASS = YES_ERROR;
				CLANG_WARN_RANGE_LOOP_ANALYSIS = YES;
				CLANG_WARN_STRICT_PROTOTYPES = YES;
				CLANG_WARN_SUSPICIOUS_MOVE = YES;
				CLANG_WARN_UNGUARDED_AVAILABILITY = YES_AGGRESSIVE;
				CLANG_WARN_UNREACHABLE_CODE = YES;
				CLANG_WARN__DUPLICATE_METHOD_MATCH = YES;
				CODE_SIGN_IDENTITY = "iPhone Developer";
				COPY_PHASE_STRIP = NO;
				DEBUG_INFORMATION_FORMAT = "dwarf-with-dsym";
				ENABLE_NS_ASSERTIONS = NO;
				ENABLE_STRICT_OBJC_MSGSEND = YES;
				GCC_C_LANGUAGE_STANDARD = gnu11;
				GCC_NO_COMMON_BLOCKS = YES;
				GCC_WARN_64_TO_32_BIT_CONVERSION = YES;
				GCC_WARN_ABOUT_RETURN_TYPE = YES_ERROR;
				GCC_WARN_UNDECLARED_SELECTOR = YES;
				GCC_WARN_UNINITIALIZED_AUTOS = YES_AGGRESSIVE;
				GCC_WARN_UNUSED_FUNCTION = YES;
				GCC_WARN_UNUSED_VARIABLE = YES;
				IPHONEOS_DEPLOYMENT_TARGET = 10.0;
				MTL_ENABLE_DEBUG_INFO = NO;
				MTL_FAST_MATH = YES;
				SDKROOT = iphoneos;
				SWIFT_COMPILATION_MODE = wholemodule;
				SWIFT_OPTIMIZATION_LEVEL = "-O";
				SWIFT_VERSION = 5.0;
				VALIDATE_PRODUCT = YES;
			};
			name = Release;
		};
		6E0701ED2386BC63008D79E9 /* Debug */ = {
			isa = XCBuildConfiguration;
			baseConfigurationReference = B91CE9CDD26F913767EBC999 /* Pods-AuthSampleApp.debug.xcconfig */;
			buildSettings = {
				ALWAYS_EMBED_SWIFT_STANDARD_LIBRARIES = YES;
				ASSETCATALOG_COMPILER_APPICON_NAME = AppIcon;
				CODE_SIGN_STYLE = Automatic;
				DEVELOPMENT_TEAM = Q9B4DS4RM6;
				INFOPLIST_FILE = AuthSampleApp/Info.plist;
				LD_RUNPATH_SEARCH_PATHS = (
					"$(inherited)",
					"@executable_path/Frameworks",
				);
				PRODUCT_BUNDLE_IDENTIFIER = com.goibibo.Goibibo.AuthModule.AuthSampleApp;
				PRODUCT_NAME = "$(TARGET_NAME)";
				SWIFT_VERSION = 5.0;
				TARGETED_DEVICE_FAMILY = "1,2";
			};
			name = Debug;
		};
		6E0701EE2386BC63008D79E9 /* Release */ = {
			isa = XCBuildConfiguration;
			baseConfigurationReference = 2E9C1403B28F3354740A8251 /* Pods-AuthSampleApp.release.xcconfig */;
			buildSettings = {
				ALWAYS_EMBED_SWIFT_STANDARD_LIBRARIES = YES;
				ASSETCATALOG_COMPILER_APPICON_NAME = AppIcon;
				CODE_SIGN_STYLE = Automatic;
				DEVELOPMENT_TEAM = Q9B4DS4RM6;
				INFOPLIST_FILE = AuthSampleApp/Info.plist;
				LD_RUNPATH_SEARCH_PATHS = (
					"$(inherited)",
					"@executable_path/Frameworks",
				);
				PRODUCT_BUNDLE_IDENTIFIER = com.goibibo.Goibibo.AuthModule.AuthSampleApp;
				PRODUCT_NAME = "$(TARGET_NAME)";
				SWIFT_VERSION = 5.0;
				TARGETED_DEVICE_FAMILY = "1,2";
			};
			name = Release;
		};
		6E0701FE2386BC78008D79E9 /* Debug */ = {
			isa = XCBuildConfiguration;
			baseConfigurationReference = FE4209F2F1770801B65CCACB /* Pods-AuthModule.debug.xcconfig */;
			buildSettings = {
				CLANG_ENABLE_MODULES = YES;
				CODE_SIGN_IDENTITY = "";
				CODE_SIGN_STYLE = Automatic;
				CURRENT_PROJECT_VERSION = 1;
				DEFINES_MODULE = YES;
				DEVELOPMENT_TEAM = Q9B4DS4RM6;
				DYLIB_COMPATIBILITY_VERSION = 1;
				DYLIB_CURRENT_VERSION = 1;
				DYLIB_INSTALL_NAME_BASE = "@rpath";
				FRAMEWORK_SEARCH_PATHS = (
					"$(inherited)",
					"$(PROJECT_DIR)/Carthage/Build/iOS",
				);
				INFOPLIST_FILE = AuthModule/Info.plist;
				INSTALL_PATH = "$(LOCAL_LIBRARY_DIR)/Frameworks";
				IPHONEOS_DEPLOYMENT_TARGET = 10.0;
				LD_RUNPATH_SEARCH_PATHS = (
					"$(inherited)",
					"@executable_path/Frameworks",
					"@loader_path/Frameworks",
				);
				PRODUCT_BUNDLE_IDENTIFIER = com.goibibo.AuthModule;
				PRODUCT_NAME = "$(TARGET_NAME:c99extidentifier)";
				SKIP_INSTALL = YES;
				SUPPORTS_MACCATALYST = NO;
				SWIFT_OPTIMIZATION_LEVEL = "-Onone";
				SWIFT_VERSION = 5.0;
				TARGETED_DEVICE_FAMILY = 1;
				VERSIONING_SYSTEM = "apple-generic";
				VERSION_INFO_PREFIX = "";
			};
			name = Debug;
		};
		6E0701FF2386BC78008D79E9 /* Release */ = {
			isa = XCBuildConfiguration;
			baseConfigurationReference = 63B1DFC2ADFF8457ABE3278A /* Pods-AuthModule.release.xcconfig */;
			buildSettings = {
				CLANG_ENABLE_MODULES = YES;
				CODE_SIGN_IDENTITY = "";
				CODE_SIGN_STYLE = Automatic;
				CURRENT_PROJECT_VERSION = 1;
				DEFINES_MODULE = YES;
				DEVELOPMENT_TEAM = Q9B4DS4RM6;
				DYLIB_COMPATIBILITY_VERSION = 1;
				DYLIB_CURRENT_VERSION = 1;
				DYLIB_INSTALL_NAME_BASE = "@rpath";
				FRAMEWORK_SEARCH_PATHS = (
					"$(inherited)",
					"$(PROJECT_DIR)/Carthage/Build/iOS",
				);
				INFOPLIST_FILE = AuthModule/Info.plist;
				INSTALL_PATH = "$(LOCAL_LIBRARY_DIR)/Frameworks";
				IPHONEOS_DEPLOYMENT_TARGET = 10.0;
				LD_RUNPATH_SEARCH_PATHS = (
					"$(inherited)",
					"@executable_path/Frameworks",
					"@loader_path/Frameworks",
				);
				PRODUCT_BUNDLE_IDENTIFIER = com.goibibo.AuthModule;
				PRODUCT_NAME = "$(TARGET_NAME:c99extidentifier)";
				SKIP_INSTALL = YES;
				SUPPORTS_MACCATALYST = NO;
				SWIFT_VERSION = 5.0;
				TARGETED_DEVICE_FAMILY = 1;
				VERSIONING_SYSTEM = "apple-generic";
				VERSION_INFO_PREFIX = "";
			};
			name = Release;
		};
/* End XCBuildConfiguration section */

/* Begin XCConfigurationList section */
		6E0701D52386BC5C008D79E9 /* Build configuration list for PBXProject "AuthModule" */ = {
			isa = XCConfigurationList;
			buildConfigurations = (
				6E0701EA2386BC63008D79E9 /* Debug */,
				6E0701EB2386BC63008D79E9 /* Release */,
			);
			defaultConfigurationIsVisible = 0;
			defaultConfigurationName = Release;
		};
		6E0701EC2386BC63008D79E9 /* Build configuration list for PBXNativeTarget "AuthSampleApp" */ = {
			isa = XCConfigurationList;
			buildConfigurations = (
				6E0701ED2386BC63008D79E9 /* Debug */,
				6E0701EE2386BC63008D79E9 /* Release */,
			);
			defaultConfigurationIsVisible = 0;
			defaultConfigurationName = Release;
		};
		6E0701FD2386BC78008D79E9 /* Build configuration list for PBXNativeTarget "AuthModule" */ = {
			isa = XCConfigurationList;
			buildConfigurations = (
				6E0701FE2386BC78008D79E9 /* Debug */,
				6E0701FF2386BC78008D79E9 /* Release */,
			);
			defaultConfigurationIsVisible = 0;
			defaultConfigurationName = Release;
		};
/* End XCConfigurationList section */

/* Begin XCVersionGroup section */
		6E44B13B23ABEB690068EC9A /* UserData.xcdatamodeld */ = {
			isa = XCVersionGroup;
			children = (
				6E44B13C23ABEB690068EC9A /* User.xcdatamodel */,
			);
			currentVersion = 6E44B13C23ABEB690068EC9A /* User.xcdatamodel */;
			path = UserData.xcdatamodeld;
			sourceTree = "<group>";
			versionGroupType = wrapper.xcdatamodel;
		};
/* End XCVersionGroup section */
	};
	rootObject = 6E0701D22386BC5C008D79E9 /* Project object */;
}
